
Microsoft Visual Studio Solution File, Format Version 12.00
# Visual Studio 15
VisualStudioVersion = 15.0.27428.2005
MinimumVisualStudioVersion = 10.0.40219.1
Project("{FAE04EC0-301F-11D3-BF4B-00C04F79EFBC}") = "Abstraction", "Abstraction\Abstraction.csproj", "{5F01FBFA-8151-4B5A-950C-90E122010152}"
EndProject
Global
	GlobalSection(SolutionConfigurationPlatforms) = preSolution
		Debug|Any CPU = Debug|Any CPU
		Release|Any CPU = Release|Any CPU
	EndGlobalSection
	GlobalSection(ProjectConfigurationPlatforms) = postSolution
		{5F01FBFA-8151-4B5A-950C-90E122010152}.Debug|Any CPU.ActiveCfg = Debug|Any CPU
		{5F01FBFA-8151-4B5A-950C-90E122010152}.Debug|Any CPU.Build.0 = Debug|Any CPU
		{5F01FBFA-8151-4B5A-950C-90E122010152}.Release|Any CPU.ActiveCfg = Release|Any CPU
		{5F01FBFA-8151-4B5A-950C-90E122010152}.Release|Any CPU.Build.0 = Release|Any CPU
	EndGlobalSection
	GlobalSection(SolutionProperties) = preSolution
		HideSolutionNode = FALSE
	EndGlobalSection
	GlobalSection(ExtensibilityGlobals) = postSolution
		SolutionGuid = {F0AC8172-FC51-46B6-B806-9F0EF6474D11}
	EndGlobalSection
EndGlobal
